
Microsoft Visual Studio Solution File, Format Version 12.00
# Visual Studio Version 17
VisualStudioVersion = 17.0.31903.59
MinimumVisualStudioVersion = 10.0.40219.1
Project("{FAE04EC0-301F-11D3-BF4B-00C04F79EFBC}") = "AITCSM.NET", "AITCSM.NET\AITCSM.NET.csproj", "{33C344E1-CE3B-172B-AF50-5A5E3D5B6CE1}"
EndProject
Global
	GlobalSection(SolutionConfigurationPlatforms) = preSolution
		Debug|Any CPU = Debug|Any CPU
		Release|Any CPU = Release|Any CPU
	EndGlobalSection
	GlobalSection(ProjectConfigurationPlatforms) = postSolution
		{33C344E1-CE3B-172B-AF50-5A5E3D5B6CE1}.Debug|Any CPU.ActiveCfg = Debug|Any CPU
		{33C344E1-CE3B-172B-AF50-5A5E3D5B6CE1}.Debug|Any CPU.Build.0 = Debug|Any CPU
		{33C344E1-CE3B-172B-AF50-5A5E3D5B6CE1}.Release|Any CPU.ActiveCfg = Release|Any CPU
		{33C344E1-CE3B-172B-AF50-5A5E3D5B6CE1}.Release|Any CPU.Build.0 = Release|Any CPU
	EndGlobalSection
	GlobalSection(SolutionProperties) = preSolution
		HideSolutionNode = FALSE
	EndGlobalSection
	GlobalSection(ExtensibilityGlobals) = postSolution
		SolutionGuid = {2883BFCE-6BED-4F6F-9560-8AF4702E186C}
	EndGlobalSection
EndGlobal
